// !$*UTF8*$!
{
	archiveVersion = 1;
	classes = {
	};
	objectVersion = 55;
	objects = {

/* Begin PBXBuildFile section */
		7CA4CDC427BE4AEB00B26302 /* YOWeightOtherLine.swift in Sources */ = {isa = PBXBuildFile; fileRef = 7CA4CDC327BE4AEB00B26302 /* YOWeightOtherLine.swift */; };
		7CA5C728277C8F9C0068DC06 /* AppDelegate.swift in Sources */ = {isa = PBXBuildFile; fileRef = 7CA5C727277C8F9C0068DC06 /* AppDelegate.swift */; };
		7CA5C72A277C8F9C0068DC06 /* SceneDelegate.swift in Sources */ = {isa = PBXBuildFile; fileRef = 7CA5C729277C8F9C0068DC06 /* SceneDelegate.swift */; };
		7CA5C72C277C8F9C0068DC06 /* ViewController.swift in Sources */ = {isa = PBXBuildFile; fileRef = 7CA5C72B277C8F9C0068DC06 /* ViewController.swift */; };
		7CA5C72F277C8F9C0068DC06 /* Main.storyboard in Resources */ = {isa = PBXBuildFile; fileRef = 7CA5C72D277C8F9C0068DC06 /* Main.storyboard */; };
		7CA5C731277C8F9D0068DC06 /* Assets.xcassets in Resources */ = {isa = PBXBuildFile; fileRef = 7CA5C730277C8F9D0068DC06 /* Assets.xcassets */; };
		7CA5C734277C8F9D0068DC06 /* LaunchScreen.storyboard in Resources */ = {isa = PBXBuildFile; fileRef = 7CA5C732277C8F9D0068DC06 /* LaunchScreen.storyboard */; };
		7CA5C73D277C8FC80068DC06 /* YOWightView.swift in Sources */ = {isa = PBXBuildFile; fileRef = 7CA5C73C277C8FC80068DC06 /* YOWightView.swift */; };
		7CA5C73F277C90080068DC06 /* YOWeightLineView.swift in Sources */ = {isa = PBXBuildFile; fileRef = 7CA5C73E277C90080068DC06 /* YOWeightLineView.swift */; };
		7CA5C742277C96B80068DC06 /* YOWeightLineCollectionViewCell.swift in Sources */ = {isa = PBXBuildFile; fileRef = 7CA5C741277C96B80068DC06 /* YOWeightLineCollectionViewCell.swift */; };
		7CBC17FA27BD0AF700642176 /* YOWeightDrawLineView.swift in Sources */ = {isa = PBXBuildFile; fileRef = 7CBC17F927BD0AF700642176 /* YOWeightDrawLineView.swift */; };
/* End PBXBuildFile section */

/* Begin PBXFileReference section */
		7CA4CDC327BE4AEB00B26302 /* YOWeightOtherLine.swift */ = {isa = PBXFileReference; lastKnownFileType = sourcecode.swift; path = YOWeightOtherLine.swift; sourceTree = "<group>"; };
		7CA5C724277C8F9C0068DC06 /* YOWeight.app */ = {isa = PBXFileReference; explicitFileType = wrapper.application; includeInIndex = 0; path = YOWeight.app; sourceTree = BUILT_PRODUCTS_DIR; };
		7CA5C727277C8F9C0068DC06 /* AppDelegate.swift */ = {isa = PBXFileReference; lastKnownFileType = sourcecode.swift; path = AppDelegate.swift; sourceTree = "<group>"; };
		7CA5C729277C8F9C0068DC06 /* SceneDelegate.swift */ = {isa = PBXFileReference; lastKnownFileType = sourcecode.swift; path = SceneDelegate.swift; sourceTree = "<group>"; };
		7CA5C72B277C8F9C0068DC06 /* ViewController.swift */ = {isa = PBXFileReference; lastKnownFileType = sourcecode.swift; path = ViewController.swift; sourceTree = "<group>"; };
		7CA5C72E277C8F9C0068DC06 /* Base */ = {isa = PBXFileReference; lastKnownFileType = file.storyboard; name = Base; path = Base.lproj/Main.storyboard; sourceTree = "<group>"; };
		7CA5C730277C8F9D0068DC06 /* Assets.xcassets */ = {isa = PBXFileReference; lastKnownFileType = folder.assetcatalog; path = Assets.xcassets; sourceTree = "<group>"; };
		7CA5C733277C8F9D0068DC06 /* Base */ = {isa = PBXFileReference; lastKnownFileType = file.storyboard; name = Base; path = Base.lproj/LaunchScreen.storyboard; sourceTree = "<group>"; };
		7CA5C735277C8F9D0068DC06 /* Info.plist */ = {isa = PBXFileReference; lastKnownFileType = text.plist.xml; path = Info.plist; sourceTree = "<group>"; };
		7CA5C73C277C8FC80068DC06 /* YOWightView.swift */ = {isa = PBXFileReference; lastKnownFileType = sourcecode.swift; path = YOWightView.swift; sourceTree = "<group>"; };
		7CA5C73E277C90080068DC06 /* YOWeightLineView.swift */ = {isa = PBXFileReference; lastKnownFileType = sourcecode.swift; path = YOWeightLineView.swift; sourceTree = "<group>"; };
		7CA5C741277C96B80068DC06 /* YOWeightLineCollectionViewCell.swift */ = {isa = PBXFileReference; lastKnownFileType = sourcecode.swift; path = YOWeightLineCollectionViewCell.swift; sourceTree = "<group>"; };
		7CBC17F927BD0AF700642176 /* YOWeightDrawLineView.swift */ = {isa = PBXFileReference; lastKnownFileType = sourcecode.swift; path = YOWeightDrawLineView.swift; sourceTree = "<group>"; };
/* End PBXFileReference section */

/* Begin PBXFrameworksBuildPhase section */
		7CA5C721277C8F9C0068DC06 /* Frameworks */ = {
			isa = PBXFrameworksBuildPhase;
			buildActionMask = 2147483647;
			files = (
			);
			runOnlyForDeploymentPostprocessing = 0;
		};
/* End PBXFrameworksBuildPhase section */

/* Begin PBXGroup section */
		7CA5C71B277C8F9C0068DC06 = {
			isa = PBXGroup;
			children = (
				7CA5C726277C8F9C0068DC06 /* YOWeight */,
				7CA5C725277C8F9C0068DC06 /* Products */,
			);
			sourceTree = "<group>";
		};
		7CA5C725277C8F9C0068DC06 /* Products */ = {
			isa = PBXGroup;
			children = (
				7CA5C724277C8F9C0068DC06 /* YOWeight.app */,
			);
			name = Products;
			sourceTree = "<group>";
		};
		7CA5C726277C8F9C0068DC06 /* YOWeight */ = {
			isa = PBXGroup;
			children = (
				7CA5C73B277C8FA80068DC06 /* source */,
				7CA5C727277C8F9C0068DC06 /* AppDelegate.swift */,
				7CA5C729277C8F9C0068DC06 /* SceneDelegate.swift */,
				7CA5C72B277C8F9C0068DC06 /* ViewController.swift */,
				7CA5C72D277C8F9C0068DC06 /* Main.storyboard */,
				7CA5C730277C8F9D0068DC06 /* Assets.xcassets */,
				7CA5C732277C8F9D0068DC06 /* LaunchScreen.storyboard */,
				7CA5C735277C8F9D0068DC06 /* Info.plist */,
			);
			path = YOWeight;
			sourceTree = "<group>";
		};
		7CA5C73B277C8FA80068DC06 /* source */ = {
			isa = PBXGroup;
			children = (
				7CA5C740277C96940068DC06 /* LineView */,
				7CA5C73C277C8FC80068DC06 /* YOWightView.swift */,
			);
			path = source;
			sourceTree = "<group>";
		};
		7CA5C740277C96940068DC06 /* LineView */ = {
			isa = PBXGroup;
			children = (
				7CA5C73E277C90080068DC06 /* YOWeightLineView.swift */,
				7CA5C741277C96B80068DC06 /* YOWeightLineCollectionViewCell.swift */,
				7CBC17F927BD0AF700642176 /* YOWeightDrawLineView.swift */,
				7CA4CDC327BE4AEB00B26302 /* YOWeightOtherLine.swift */,
			);
			path = LineView;
			sourceTree = "<group>";
		};
/* End PBXGroup section */

/* Begin PBXNativeTarget section */
		7CA5C723277C8F9C0068DC06 /* YOWeight */ = {
			isa = PBXNativeTarget;
			buildConfigurationList = 7CA5C738277C8F9D0068DC06 /* Build configuration list for PBXNativeTarget "YOWeight" */;
			buildPhases = (
				7CA5C720277C8F9C0068DC06 /* Sources */,
				7CA5C721277C8F9C0068DC06 /* Frameworks */,
				7CA5C722277C8F9C0068DC06 /* Resources */,
			);
			buildRules = (
			);
			dependencies = (
			);
			name = YOWeight;
			productName = YOWeight;
			productReference = 7CA5C724277C8F9C0068DC06 /* YOWeight.app */;
			productType = "com.apple.product-type.application";
		};
/* End PBXNativeTarget section */

/* Begin PBXProject section */
		7CA5C71C277C8F9C0068DC06 /* Project object */ = {
			isa = PBXProject;
			attributes = {
				BuildIndependentTargetsInParallel = 1;
				LastSwiftUpdateCheck = 1320;
				LastUpgradeCheck = 1320;
				TargetAttributes = {
					7CA5C723277C8F9C0068DC06 = {
						CreatedOnToolsVersion = 13.2.1;
					};
				};
			};
			buildConfigurationList = 7CA5C71F277C8F9C0068DC06 /* Build configuration list for PBXProject "YOWeight" */;
			compatibilityVersion = "Xcode 13.0";
			developmentRegion = en;
			hasScannedForEncodings = 0;
			knownRegions = (
				en,
				Base,
			);
			mainGroup = 7CA5C71B277C8F9C0068DC06;
			productRefGroup = 7CA5C725277C8F9C0068DC06 /* Products */;
			projectDirPath = "";
			projectRoot = "";
			targets = (
				7CA5C723277C8F9C0068DC06 /* YOWeight */,
			);
		};
/* End PBXProject section */

/* Begin PBXResourcesBuildPhase section */
		7CA5C722277C8F9C0068DC06 /* Resources */ = {
			isa = PBXResourcesBuildPhase;
			buildActionMask = 2147483647;
			files = (
				7CA5C734277C8F9D0068DC06 /* LaunchScreen.storyboard in Resources */,
				7CA5C731277C8F9D0068DC06 /* Assets.xcassets in Resources */,
				7CA5C72F277C8F9C0068DC06 /* Main.storyboard in Resources */,
			);
			runOnlyForDeploymentPostprocessing = 0;
		};
/* End PBXResourcesBuildPhase section */

/* Begin PBXSourcesBuildPhase section */
		7CA5C720277C8F9C0068DC06 /* Sources */ = {
			isa = PBXSourcesBuildPhase;
			buildActionMask = 2147483647;
			files = (
				7CBC17FA27BD0AF700642176 /* YOWeightDrawLineView.swift in Sources */,
				7CA5C72C277C8F9C0068DC06 /* ViewController.swift in Sources */,
				7CA5C728277C8F9C0068DC06 /* AppDelegate.swift in Sources */,
				7CA5C73D277C8FC80068DC06 /* YOWightView.swift in Sources */,
				7CA4CDC427BE4AEB00B26302 /* YOWeightOtherLine.swift in Sources */,
				7CA5C72A277C8F9C0068DC06 /* SceneDelegate.swift in Sources */,
				7CA5C742277C96B80068DC06 /* YOWeightLineCollectionViewCell.swift in Sources */,
				7CA5C73F277C90080068DC06 /* YOWeightLineView.swift in Sources */,
			);
			runOnlyForDeploymentPostprocessing = 0;
		};
/* End PBXSourcesBuildPhase section */

/* Begin PBXVariantGroup section */
		7CA5C72D277C8F9C0068DC06 /* Main.storyboard */ = {
			isa = PBXVariantGroup;
			children = (
				7CA5C72E277C8F9C0068DC06 /* Base */,
			);
			name = Main.storyboard;
			sourceTree = "<group>";
		};
		7CA5C732277C8F9D0068DC06 /* LaunchScreen.storyboard */ = {
			isa = PBXVariantGroup;
			children = (
				7CA5C733277C8F9D0068DC06 /* Base */,
			);
			name = LaunchScreen.storyboard;
			sourceTree = "<group>";
		};
/* End PBXVariantGroup section */

/* Begin XCBuildConfiguration section */
		7CA5C736277C8F9D0068DC06 /* Debug */ = {
			isa = XCBuildConfiguration;
			buildSettings = {
				ALWAYS_SEARCH_USER_PATHS = NO;
				CLANG_ANALYZER_NONNULL = YES;
				CLANG_ANALYZER_NUMBER_OBJECT_CONVERSION = YES_AGGRESSIVE;
				CLANG_CXX_LANGUAGE_STANDARD = "gnu++17";
				CLANG_CXX_LIBRARY = "libc++";
				CLANG_ENABLE_MODULES = YES;
				CLANG_ENABLE_OBJC_ARC = YES;
				CLANG_ENABLE_OBJC_WEAK = YES;
				CLANG_WARN_BLOCK_CAPTURE_AUTORELEASING = YES;
				CLANG_WARN_BOOL_CONVERSION = YES;
				CLANG_WARN_COMMA = YES;
				CLANG_WARN_CONSTANT_CONVERSION = YES;
				CLANG_WARN_DEPRECATED_OBJC_IMPLEMENTATIONS = YES;
				CLANG_WARN_DIRECT_OBJC_ISA_USAGE = YES_ERROR;
				CLANG_WARN_DOCUMENTATION_COMMENTS = YES;
				CLANG_WARN_EMPTY_BODY = YES;
				CLANG_WARN_ENUM_CONVERSION = YES;
				CLANG_WARN_INFINITE_RECURSION = YES;
				CLANG_WARN_INT_CONVERSION = YES;
				CLANG_WARN_NON_LITERAL_NULL_CONVERSION = YES;
				CLANG_WARN_OBJC_IMPLICIT_RETAIN_SELF = YES;
				CLANG_WARN_OBJC_LITERAL_CONVERSION = YES;
				CLANG_WARN_OBJC_ROOT_CLASS = YES_ERROR;
				CLANG_WARN_QUOTED_INCLUDE_IN_FRAMEWORK_HEADER = YES;
				CLANG_WARN_RANGE_LOOP_ANALYSIS = YES;
				CLANG_WARN_STRICT_PROTOTYPES = YES;
				CLANG_WARN_SUSPICIOUS_MOVE = YES;
				CLANG_WARN_UNGUARDED_AVAILABILITY = YES_AGGRESSIVE;
				CLANG_WARN_UNREACHABLE_CODE = YES;
				CLANG_WARN__DUPLICATE_METHOD_MATCH = YES;
				COPY_PHASE_STRIP = NO;
				DEBUG_INFORMATION_FORMAT = dwarf;
				ENABLE_STRICT_OBJC_MSGSEND = YES;
				ENABLE_TESTABILITY = YES;
				GCC_C_LANGUAGE_STANDARD = gnu11;
				GCC_DYNAMIC_NO_PIC = NO;
				GCC_NO_COMMON_BLOCKS = YES;
				GCC_OPTIMIZATION_LEVEL = 0;
				GCC_PREPROCESSOR_DEFINITIONS = (
					"DEBUG=1",
					"$(inherited)",
				);
				GCC_WARN_64_TO_32_BIT_CONVERSION = YES;
				GCC_WARN_ABOUT_RETURN_TYPE = YES_ERROR;
				GCC_WARN_UNDECLARED_SELECTOR = YES;
				GCC_WARN_UNINITIALIZED_AUTOS = YES_AGGRESSIVE;
				GCC_WARN_UNUSED_FUNCTION = YES;
				GCC_WARN_UNUSED_VARIABLE = YES;
				IPHONEOS_DEPLOYMENT_TARGET = 15.2;
				MTL_ENABLE_DEBUG_INFO = INCLUDE_SOURCE;
				MTL_FAST_MATH = YES;
				ONLY_ACTIVE_ARCH = YES;
				SDKROOT = iphoneos;
				SWIFT_ACTIVE_COMPILATION_CONDITIONS = DEBUG;
				SWIFT_OPTIMIZATION_LEVEL = "-Onone";
			};
			name = Debug;
		};
		7CA5C737277C8F9D0068DC06 /* Release */ = {
			isa = XCBuildConfiguration;
			buildSettings = {
				ALWAYS_SEARCH_USER_PATHS = NO;
				CLANG_ANALYZER_NONNULL = YES;
				CLANG_ANALYZER_NUMBER_OBJECT_CONVERSION = YES_AGGRESSIVE;
				CLANG_CXX_LANGUAGE_STANDARD = "gnu++17";
				CLANG_CXX_LIBRARY = "libc++";
				CLANG_ENABLE_MODULES = YES;
				CLANG_ENABLE_OBJC_ARC = YES;
				CLANG_ENABLE_OBJC_WEAK = YES;
				CLANG_WARN_BLOCK_CAPTURE_AUTORELEASING = YES;
				CLANG_WARN_BOOL_CONVERSION = YES;
				CLANG_WARN_COMMA = YES;
				CLANG_WARN_CONSTANT_CONVERSION = YES;
				CLANG_WARN_DEPRECATED_OBJC_IMPLEMENTATIONS = YES;
				CLANG_WARN_DIRECT_OBJC_ISA_USAGE = YES_ERROR;
				CLANG_WARN_DOCUMENTATION_COMMENTS = YES;
				CLANG_WARN_EMPTY_BODY = YES;
				CLANG_WARN_ENUM_CONVERSION = YES;
				CLANG_WARN_INFINITE_RECURSION = YES;
				CLANG_WARN_INT_CONVERSION = YES;
				CLANG_WARN_NON_LITERAL_NULL_CONVERSION = YES;
				CLANG_WARN_OBJC_IMPLICIT_RETAIN_SELF = YES;
				CLANG_WARN_OBJC_LITERAL_CONVERSION = YES;
				CLANG_WARN_OBJC_ROOT_CLASS = YES_ERROR;
				CLANG_WARN_QUOTED_INCLUDE_IN_FRAMEWORK_HEADER = YES;
				CLANG_WARN_RANGE_LOOP_ANALYSIS = YES;
				CLANG_WARN_STRICT_PROTOTYPES = YES;
				CLANG_WARN_SUSPICIOUS_MOVE = YES;
				CLANG_WARN_UNGUARDED_AVAILABILITY = YES_AGGRESSIVE;
				CLANG_WARN_UNREACHABLE_CODE = YES;
				CLANG_WARN__DUPLICATE_METHOD_MATCH = YES;
				COPY_PHASE_STRIP = NO;
				DEBUG_INFORMATION_FORMAT = "dwarf-with-dsym";
				ENABLE_NS_ASSERTIONS = NO;
				ENABLE_STRICT_OBJC_MSGSEND = YES;
				GCC_C_LANGUAGE_STANDARD = gnu11;
				GCC_NO_COMMON_BLOCKS = YES;
				GCC_WARN_64_TO_32_BIT_CONVERSION = YES;
				GCC_WARN_ABOUT_RETURN_TYPE = YES_ERROR;
				GCC_WARN_UNDECLARED_SELECTOR = YES;
				GCC_WARN_UNINITIALIZED_AUTOS = YES_AGGRESSIVE;
				GCC_WARN_UNUSED_FUNCTION = YES;
				GCC_WARN_UNUSED_VARIABLE = YES;
				IPHONEOS_DEPLOYMENT_TARGET = 15.2;
				MTL_ENABLE_DEBUG_INFO = NO;
				MTL_FAST_MATH = YES;
				SDKROOT = iphoneos;
				SWIFT_COMPILATION_MODE = wholemodule;
				SWIFT_OPTIMIZATION_LEVEL = "-O";
				VALIDATE_PRODUCT = YES;
			};
			name = Release;
		};
		7CA5C739277C8F9D0068DC06 /* Debug */ = {
			isa = XCBuildConfiguration;
			buildSettings = {
				ASSETCATALOG_COMPILER_APPICON_NAME = AppIcon;
				ASSETCATALOG_COMPILER_GLOBAL_ACCENT_COLOR_NAME = AccentColor;
				CODE_SIGN_STYLE = Automatic;
				CURRENT_PROJECT_VERSION = 1;
				GENERATE_INFOPLIST_FILE = YES;
				INFOPLIST_FILE = YOWeight/Info.plist;
				INFOPLIST_KEY_UIApplicationSupportsIndirectInputEvents = YES;
				INFOPLIST_KEY_UILaunchStoryboardName = LaunchScreen;
				INFOPLIST_KEY_UIMainStoryboardFile = Main;
				INFOPLIST_KEY_UISupportedInterfaceOrientations_iPad = "UIInterfaceOrientationPortrait UIInterfaceOrientationPortraitUpsideDown UIInterfaceOrientationLandscapeLeft UIInterfaceOrientationLandscapeRight";
				INFOPLIST_KEY_UISupportedInterfaceOrientations_iPhone = "UIInterfaceOrientationPortrait UIInterfaceOrientationLandscapeLeft UIInterfaceOrientationLandscapeRight";
				IPHONEOS_DEPLOYMENT_TARGET = 15.0;
				LD_RUNPATH_SEARCH_PATHS = (
					"$(inherited)",
					"@executable_path/Frameworks",
				);
				MARKETING_VERSION = 1.0;
				PRODUCT_BUNDLE_IDENTIFIER = YOrange.YOWeight;
				PRODUCT_NAME = "$(TARGET_NAME)";
				SWIFT_EMIT_LOC_STRINGS = YES;
				SWIFT_VERSION = 5.0;
				TARGETED_DEVICE_FAMILY = "1,2";
			};
			name = Debug;
		};
		7CA5C73A277C8F9D0068DC06 /* Release */ = {
			isa = XCBuildConfiguration;
			buildSettings = {
				ASSETCATALOG_COMPILER_APPICON_NAME = AppIcon;
				ASSETCATALOG_COMPILER_GLOBAL_ACCENT_COLOR_NAME = AccentColor;
				CODE_SIGN_STYLE = Automatic;
				CURRENT_PROJECT_VERSION = 1;
				GENERATE_INFOPLIST_FILE = YES;
				INFOPLIST_FILE = YOWeight/Info.plist;
				INFOPLIST_KEY_UIApplicationSupportsIndirectInputEvents = YES;
				INFOPLIST_KEY_UILaunchStoryboardName = LaunchScreen;
				INFOPLIST_KEY_UIMainStoryboardFile = Main;
				INFOPLIST_KEY_UISupportedInterfaceOrientations_iPad = "UIInterfaceOrientationPortrait UIInterfaceOrientationPortraitUpsideDown UIInterfaceOrientationLandscapeLeft UIInterfaceOrientationLandscapeRight";
				INFOPLIST_KEY_UISupportedInterfaceOrientations_iPhone = "UIInterfaceOrientationPortrait UIInterfaceOrientationLandscapeLeft UIInterfaceOrientationLandscapeRight";
				IPHONEOS_DEPLOYMENT_TARGET = 15.0;
				LD_RUNPATH_SEARCH_PATHS = (
					"$(inherited)",
					"@executable_path/Frameworks",
				);
				MARKETING_VERSION = 1.0;
				PRODUCT_BUNDLE_IDENTIFIER = YOrange.YOWeight;
				PRODUCT_NAME = "$(TARGET_NAME)";
				SWIFT_EMIT_LOC_STRINGS = YES;
				SWIFT_VERSION = 5.0;
				TARGETED_DEVICE_FAMILY = "1,2";
			};
			name = Release;
		};
/* End XCBuildConfiguration section */

/* Begin XCConfigurationList section */
		7CA5C71F277C8F9C0068DC06 /* Build configuration list for PBXProject "YOWeight" */ = {
			isa = XCConfigurationList;
			buildConfigurations = (
				7CA5C736277C8F9D0068DC06 /* Debug */,
				7CA5C737277C8F9D0068DC06 /* Release */,
			);
			defaultConfigurationIsVisible = 0;
			defaultConfigurationName = Release;
		};
		7CA5C738277C8F9D0068DC06 /* Build configuration list for PBXNativeTarget "YOWeight" */ = {
			isa = XCConfigurationList;
			buildConfigurations = (
				7CA5C739277C8F9D0068DC06 /* Debug */,
				7CA5C73A277C8F9D0068DC06 /* Release */,
			);
			defaultConfigurationIsVisible = 0;
			defaultConfigurationName = Release;
		};
/* End XCConfigurationList section */
	};
	rootObject = 7CA5C71C277C8F9C0068DC06 /* Project object */;
}
